{
  "name": "understandingtypescript",
  "version": "1.0.0",
  "lockfileVersion": 3,
  "requires": true,
  "packages": {
    "": {
      "name": "understandingtypescript",
      "version": "1.0.0",
      "license": "ISC",
      "dependencies": {
        "typescript": "^4.9.5"
      },
      "devDependencies": {
        "server-lite": "^2.0.0"
      }
    },
    "node_modules/asap": {
      "version": "2.0.6",
      "resolved": "https://registry.npmjs.org/asap/-/asap-2.0.6.tgz",
      "integrity": "sha512-BSHWgDSAiKs50o2Re8ppvp3seVHXSRM44cdSsT9FfNEUUZLOGWVCsiWaRPWM1Znn+mqZ1OfVZ3z3DWEzSp7hRA==",
      "dev": true
    },
    "node_modules/date-utilz": {
      "version": "0.0.3",
      "resolved": "https://registry.npmjs.org/date-utilz/-/date-utilz-0.0.3.tgz",
      "integrity": "sha512-dXTX4tRENsRmn17GlOgrb3GIrNClZhE6Qw9tmWh5WjGJ/1FCallAJPbq3hbCqmQxISUsUx12dRGf9IziPw/HxQ==",
      "dev": true,
      "dependencies": {
        "string-utilz": "^1.4.0"
      },
      "engines": {
        "node": ">=10.0.0",
        "npm": ">=5.0.0"
      }
    },
    "node_modules/output-manager": {
      "version": "3.1.0",
      "resolved": "https://registry.npmjs.org/output-manager/-/output-manager-3.1.0.tgz",
      "integrity": "sha512-TBZRtohuFSK+Exn9VFtm7l4MvHstFtEH3uXMsHQE5LqyOhGnw1odQnVHdVTz792StPn9rywaSAdNQ2SsoBUunA==",
      "dev": true,
      "dependencies": {
        "date-utilz": "^0.0.3",
        "string-utilz": "^1.4.0"
      },
      "engines": {
        "node": ">=10.0.0",
        "npm": ">=5.0.0"
      }
    },
    "node_modules/promise": {
      "version": "8.3.0",
      "resolved": "https://registry.npmjs.org/promise/-/promise-8.3.0.tgz",
      "integrity": "sha512-rZPNPKTOYVNEEKFaq1HqTgOwZD+4/YHS5ukLzQCypkj+OkYx7iv0mA91lJlpPPZ8vMau3IIGj5Qlwrx+8iiSmg==",
      "dev": true,
      "dependencies": {
        "asap": "~2.0.6"
      }
    },
    "node_modules/server-lite": {
      "version": "2.0.0",
      "resolved": "https://registry.npmjs.org/server-lite/-/server-lite-2.0.0.tgz",
      "integrity": "sha512-oHF4D8iLZLXlnrEb0glwuMXbnM78gGFkOFh+djdHI3jCE1clmBjlo3badw66NsB7VuWhHIIhLQbkmFJGl6t/+g==",
      "dev": true,
      "dependencies": {
        "date-utilz": "^0.0.3",
        "output-manager": "^3.1.0",
        "promise": "^8.1.0",
        "string-utilz": "^1.4.0"
      },
      "engines": {
        "node": ">=10.0.0",
        "npm": ">=5.0.0"
      }
    },
    "node_modules/string-utilz": {
      "version": "1.4.0",
      "resolved": "https://registry.npmjs.org/string-utilz/-/string-utilz-1.4.0.tgz",
      "integrity": "sha512-VRQvdjA1l2Nq/nXHSRvFx+A376aUqoT0K4BFzHlqn7mRW9V34tzermXM7nqzREBDZnfd4mTqSX7kIdWAnIXsmw==",
      "dev": true,
      "engines": {
        "node": ">=10.0.0",
        "npm": ">=5.0.0"
      }
    },
    "node_modules/typescript": {
      "version": "4.9.5",
      "resolved": "https://registry.npmjs.org/typescript/-/typescript-4.9.5.tgz",
      "integrity": "sha512-1FXk9E2Hm+QzZQ7z+McJiHL4NW1F2EzMu9Nq9i3zAaGqibafqYwCVU6WyWAuyQRRzOlxou8xZSyXLEN8oKj24g==",
      "bin": {
        "tsc": "bin/tsc",
        "tsserver": "bin/tsserver"
      },
      "engines": {
        "node": ">=4.2.0"
      }
    }
  }
}
